
Microsoft Visual Studio Solution File, Format Version 12.00
# Visual Studio 15
VisualStudioVersion = 15.0.27130.2010
MinimumVisualStudioVersion = 10.0.40219.1
Project("{FAE04EC0-301F-11D3-BF4B-00C04F79EFBC}") = "Youmi.OfferWall", "Youmi.OfferWall\Youmi.OfferWall.csproj", "{781835A6-E37F-49F0-9E78-5E9E8DE5878D}"
EndProject
Global
	GlobalSection(SolutionConfigurationPlatforms) = preSolution
		Debug|Any CPU = Debug|Any CPU
		Release|Any CPU = Release|Any CPU
	EndGlobalSection
	GlobalSection(ProjectConfigurationPlatforms) = postSolution
		{781835A6-E37F-49F0-9E78-5E9E8DE5878D}.Debug|Any CPU.ActiveCfg = Debug|Any CPU
		{781835A6-E37F-49F0-9E78-5E9E8DE5878D}.Debug|Any CPU.Build.0 = Debug|Any CPU
		{781835A6-E37F-49F0-9E78-5E9E8DE5878D}.Release|Any CPU.ActiveCfg = Release|Any CPU
		{781835A6-E37F-49F0-9E78-5E9E8DE5878D}.Release|Any CPU.Build.0 = Release|Any CPU
	EndGlobalSection
	GlobalSection(SolutionProperties) = preSolution
		HideSolutionNode = FALSE
	EndGlobalSection
	GlobalSection(ExtensibilityGlobals) = postSolution
		SolutionGuid = {B944B01F-A6BC-4400-BE41-578075E2DCA5}
	EndGlobalSection
	GlobalSection(AutomaticVersions) = postSolution
		UpdateAssemblyVersion = False
		UpdateAssemblyFileVersion = True
		UpdateAssemblyInfoVersion = False
		AssemblyFileVersionSettings = None.None.None.Increment
	EndGlobalSection
EndGlobal
